
Microsoft Visual Studio Solution File, Format Version 12.00
# Visual Studio Version 17
VisualStudioVersion = 17.9.34728.123
MinimumVisualStudioVersion = 10.0.40219.1
Project("{FAE04EC0-301F-11D3-BF4B-00C04F79EFBC}") = "KursachV6-WinForms", "KursachV6-WinForms\KursachV6-WinForms.csproj", "{9236EF16-1743-4EF7-8367-E37D7E53849F}"
EndProject
Global
	GlobalSection(SolutionConfigurationPlatforms) = preSolution
		Debug|Any CPU = Debug|Any CPU
		Release|Any CPU = Release|Any CPU
	EndGlobalSection
	GlobalSection(ProjectConfigurationPlatforms) = postSolution
		{9236EF16-1743-4EF7-8367-E37D7E53849F}.Debug|Any CPU.ActiveCfg = Debug|Any CPU
		{9236EF16-1743-4EF7-8367-E37D7E53849F}.Debug|Any CPU.Build.0 = Debug|Any CPU
		{9236EF16-1743-4EF7-8367-E37D7E53849F}.Release|Any CPU.ActiveCfg = Release|Any CPU
		{9236EF16-1743-4EF7-8367-E37D7E53849F}.Release|Any CPU.Build.0 = Release|Any CPU
	EndGlobalSection
	GlobalSection(SolutionProperties) = preSolution
		HideSolutionNode = FALSE
	EndGlobalSection
	GlobalSection(ExtensibilityGlobals) = postSolution
		SolutionGuid = {272B4E31-2FC5-45B0-BE38-671A3C2449A1}
	EndGlobalSection
EndGlobal
